
Microsoft Visual Studio Solution File, Format Version 12.00
# Visual Studio 15
VisualStudioVersion = 15.0.28307.438
MinimumVisualStudioVersion = 10.0.40219.1
Project("{FAE04EC0-301F-11D3-BF4B-00C04F79EFBC}") = "ClientWTP", "ClientWTP\ClientWTP.csproj", "{2B53D045-120B-468F-9D52-4CD3D44B1358}"
EndProject
Project("{FAE04EC0-301F-11D3-BF4B-00C04F79EFBC}") = "ServerWTP", "ServerWTP\ServerWTP.csproj", "{1B5C20D0-DC2C-4B5E-8E84-7EFFF25CA586}"
EndProject
Global
	GlobalSection(SolutionConfigurationPlatforms) = preSolution
		Debug|Any CPU = Debug|Any CPU
		Debug|x64 = Debug|x64
		Release|Any CPU = Release|Any CPU
		Release|x64 = Release|x64
	EndGlobalSection
	GlobalSection(ProjectConfigurationPlatforms) = postSolution
		{2B53D045-120B-468F-9D52-4CD3D44B1358}.Debug|Any CPU.ActiveCfg = Debug|Any CPU
		{2B53D045-120B-468F-9D52-4CD3D44B1358}.Debug|Any CPU.Build.0 = Debug|Any CPU
		{2B53D045-120B-468F-9D52-4CD3D44B1358}.Debug|x64.ActiveCfg = Debug|Any CPU
		{2B53D045-120B-468F-9D52-4CD3D44B1358}.Debug|x64.Build.0 = Debug|Any CPU
		{2B53D045-120B-468F-9D52-4CD3D44B1358}.Release|Any CPU.ActiveCfg = Release|Any CPU
		{2B53D045-120B-468F-9D52-4CD3D44B1358}.Release|Any CPU.Build.0 = Release|Any CPU
		{2B53D045-120B-468F-9D52-4CD3D44B1358}.Release|x64.ActiveCfg = Release|Any CPU
		{2B53D045-120B-468F-9D52-4CD3D44B1358}.Release|x64.Build.0 = Release|Any CPU
		{1B5C20D0-DC2C-4B5E-8E84-7EFFF25CA586}.Debug|Any CPU.ActiveCfg = Debug|Any CPU
		{1B5C20D0-DC2C-4B5E-8E84-7EFFF25CA586}.Debug|Any CPU.Build.0 = Debug|Any CPU
		{1B5C20D0-DC2C-4B5E-8E84-7EFFF25CA586}.Debug|x64.ActiveCfg = Debug|x64
		{1B5C20D0-DC2C-4B5E-8E84-7EFFF25CA586}.Debug|x64.Build.0 = Debug|x64
		{1B5C20D0-DC2C-4B5E-8E84-7EFFF25CA586}.Release|Any CPU.ActiveCfg = Release|Any CPU
		{1B5C20D0-DC2C-4B5E-8E84-7EFFF25CA586}.Release|Any CPU.Build.0 = Release|Any CPU
		{1B5C20D0-DC2C-4B5E-8E84-7EFFF25CA586}.Release|x64.ActiveCfg = Release|x64
		{1B5C20D0-DC2C-4B5E-8E84-7EFFF25CA586}.Release|x64.Build.0 = Release|x64
	EndGlobalSection
	GlobalSection(SolutionProperties) = preSolution
		HideSolutionNode = FALSE
	EndGlobalSection
	GlobalSection(ExtensibilityGlobals) = postSolution
		SolutionGuid = {492CD6E5-FA3B-4C95-981C-608BB1403854}
	EndGlobalSection
EndGlobal
